
Microsoft Visual Studio Solution File, Format Version 12.00
# Visual Studio Version 17
VisualStudioVersion = 17.3.32929.385
MinimumVisualStudioVersion = 10.0.40219.1
Project("{FAE04EC0-301F-11D3-BF4B-00C04F79EFBC}") = "Calculator1", "Calculator1\Calculator1.csproj", "{AD35516B-0F1A-4CF6-953B-3C93D7DA8AE0}"
EndProject
Global
	GlobalSection(SolutionConfigurationPlatforms) = preSolution
		Debug|Any CPU = Debug|Any CPU
		Release|Any CPU = Release|Any CPU
	EndGlobalSection
	GlobalSection(ProjectConfigurationPlatforms) = postSolution
		{AD35516B-0F1A-4CF6-953B-3C93D7DA8AE0}.Debug|Any CPU.ActiveCfg = Debug|Any CPU
		{AD35516B-0F1A-4CF6-953B-3C93D7DA8AE0}.Debug|Any CPU.Build.0 = Debug|Any CPU
		{AD35516B-0F1A-4CF6-953B-3C93D7DA8AE0}.Release|Any CPU.ActiveCfg = Release|Any CPU
		{AD35516B-0F1A-4CF6-953B-3C93D7DA8AE0}.Release|Any CPU.Build.0 = Release|Any CPU
	EndGlobalSection
	GlobalSection(SolutionProperties) = preSolution
		HideSolutionNode = FALSE
	EndGlobalSection
	GlobalSection(ExtensibilityGlobals) = postSolution
		SolutionGuid = {1A4C888E-12E2-49C5-AF3F-F6656269F9A9}
	EndGlobalSection
EndGlobal
